<?xml version="1.0" encoding="utf-8"?>
<Project ToolsVersion="4.0" xmlns="http://schemas.microsoft.com/developer/msbuild/2003">
  <ItemGroup>
    <Filter Include="Source Files">
      <UniqueIdentifier>{4FC737F1-C7A5-4376-A066-2A32D752A2FF}</UniqueIdentifier>
      <Extensions>cpp;c;cc;cxx;c++;cppm;ixx;def;odl;idl;hpj;bat;asm;asmx</Extensions>
    </Filter>
    <Filter Include="Header Files">
      <UniqueIdentifier>{93995380-89BD-4b04-88EB-625FBE52EBFB}</UniqueIdentifier>
      <Extensions>h;hh;hpp;hxx;h++;hm;inl;inc;ipp;xsd</Extensions>
    </Filter>
    <Filter Include="Resource Files">
      <UniqueIdentifier>{67DA6AB6-F800-4c08-8B7A-83BB121AAD01}</UniqueIdentifier>
      <Extensions>rc;ico;cur;bmp;dlg;rc2;rct;bin;rgs;gif;jpg;jpeg;jpe;resx;tiff;tif;png;wav;mfcribbon-ms</Extensions>
    </Filter>
    <Filter Include="Resource Files\Materials">
      <UniqueIdentifier>{1836bd1c-e04d-4d6e-8d67-f1e4d348b18b}</UniqueIdentifier>
    </Filter>
    <Filter Include="Resource Files\Shaders">
      <UniqueIdentifier>{aa486f56-17de-4231-82fb-ddf0765fe398}</UniqueIdentifier>
    </Filter>
    <Filter Include="Resource Files\Scenes">
      <UniqueIdentifier>{bfe2f6da-bc7b-45d4-9dcb-75fa867818a9}</UniqueIdentifier>
    </Filter>
  </ItemGroup>
  <ItemGroup>
    <ClCompile Include="Main.cpp">
      <Filter>Source Files</Filter>
    </ClCompile>
    <ClCompile Include="..\ThirdParty\glad\src\glad.c">
      <Filter>Source Files</Filter>
    </ClCompile>
  </ItemGroup>
  <ItemGroup>
    <None Include="..\Build\Resources\shaders\basic.frag">
      <Filter>Resource Files\Shaders</Filter>
    </None>
    <None Include="..\Build\Resources\shaders\basic.vert">
      <Filter>Resource Files\Shaders</Filter>
    </None>
    <None Include="..\Build\resources\materials\spot.mtl">
      <Filter>Resource Files\Materials</Filter>
    </None>
    <None Include="..\Build\resources\materials\wood.mtl">
      <Filter>Resource Files\Materials</Filter>
    </None>
    <None Include="..\Build\resources\shaders\gouraud.frag">
      <Filter>Resource Files\Shaders</Filter>
    </None>
    <None Include="..\Build\resources\shaders\gouraud.shdr">
      <Filter>Resource Files\Shaders</Filter>
    </None>
    <None Include="..\Build\resources\shaders\gouraud.vert">
      <Filter>Resource Files\Shaders</Filter>
    </None>
    <None Include="..\Build\resources\shaders\flat.frag">
      <Filter>Resource Files\Shaders</Filter>
    </None>
    <None Include="..\Build\resources\shaders\flat.shdr">
      <Filter>Resource Files\Shaders</Filter>
    </None>
    <None Include="..\Build\resources\shaders\flat.vert">
      <Filter>Resource Files\Shaders</Filter>
    </None>
    <None Include="..\Build\resources\shaders\phong.vert">
      <Filter>Resource Files\Shaders</Filter>
    </None>
    <None Include="..\Build\resources\shaders\phong.frag">
      <Filter>Resource Files\Shaders</Filter>
    </None>
    <None Include="..\Build\resources\shaders\phong.shdr">
      <Filter>Resource Files\Shaders</Filter>
    </None>
    <None Include="..\Build\resources\scenes\main.scn">
      <Filter>Resource Files\Scenes</Filter>
    </None>
    <None Include="..\Build\resources\shaders\phong_normal.frag">
      <Filter>Resource Files\Shaders</Filter>
    </None>
    <None Include="..\Build\resources\shaders\phong_normal.shdr">
      <Filter>Resource Files\Shaders</Filter>
    </None>
    <None Include="..\Build\resources\shaders\phong_normal.vert">
      <Filter>Resource Files\Shaders</Filter>
    </None>
    <None Include="..\Build\resources\materials\brick.mtl">
      <Filter>Resource Files\Materials</Filter>
    </None>
    <None Include="..\Build\resources\materials\ogre.mtl">
      <Filter>Resource Files\Materials</Filter>
    </None>
  </ItemGroup>
</Project>